lockfile_version: '1'
generated_at: '2026-06-07T12:01:19.215450+00:00'
apm_version: 0.18.0
dependencies:
- repo_url: aleisium/als_sys_app_opmc
  host: forgejo.aleisium.com
  port: 222
  resolved_commit: 0e33b5569c4a9e3ef96f552eaefd6589129e27c0
  package_type: apm_package
  deployed_files:
  - .agents/skills/opmc-component-qualified-name
  - .agents/skills/opmc-component-set
  - .agents/skills/opmc-module-qualified-name
  - .agents/skills/opmc-module-set
  - .agents/skills/opmc-org-set
  - .agents/skills/opmc-product-qualified-name
  - .agents/skills/opmc-product-set
  content_hash: sha256:4fd85c6858e9e9b134ab3301de3a865873215e8d639e074f84db3776ba737ea6
