{
  "name": "mv_pdg_tickets",
  "lockfileVersion": 3,
  "requires": true,
  "packages": {
    "": {
      "devDependencies": {
        "@aleisium/sourcepkg-dc-bren": "^0.0.26",
        "@aleisium/sourcepkg-dc-lifecycle": "^0.0.26",
        "@aleisium/sourcepkg-tmux-scripts": "^0.0.26"
      }
    },
    "node_modules/@aleisium/sourcepkg-dc-bren": {
      "version": "0.0.26",
      "resolved": "https://forgejo.aleisium.com/api/packages/aleisium/npm/%40aleisium%2Fsourcepkg-dc-bren/-/0.0.26/sourcepkg-dc-bren-0.0.26.tgz",
      "integrity": "sha512-vjVqXovJ4BsrJ1TjDJNV8Meqihprxw7fTWNyLBKirPujoo1dOUzZxXC4qauvAg9ofX7AtC/vIZJiA6WSiwfClg==",
      "dev": true,
      "license": "MIT"
    },
    "node_modules/@aleisium/sourcepkg-dc-lifecycle": {
      "version": "0.0.26",
      "resolved": "https://forgejo.aleisium.com/api/packages/aleisium/npm/%40aleisium%2Fsourcepkg-dc-lifecycle/-/0.0.26/sourcepkg-dc-lifecycle-0.0.26.tgz",
      "integrity": "sha512-jjOMzj9JcBYaw5AM7Z4YU9Do3wmRNDQ4OUTWFr0154lUv4bQTOsVl1IpmnKrfurYO2o72s1VTA1phuvStmkuew==",
      "dev": true,
      "license": "MIT"
    },
    "node_modules/@aleisium/sourcepkg-tmux-scripts": {
      "version": "0.0.26",
      "resolved": "https://forgejo.aleisium.com/api/packages/aleisium/npm/%40aleisium%2Fsourcepkg-tmux-scripts/-/0.0.26/sourcepkg-tmux-scripts-0.0.26.tgz",
      "integrity": "sha512-umTdVyZZ71bgwxCzBWRHbeTGCoP5bTqyHIi3b6N6RTsmyeOaw+iOrbeGsydJLTMZEVP+fFZ0ICQ9Ihfo4g+wlQ==",
      "dev": true,
      "license": "MIT"
    }
  }
}
