{
  "name": "als_sys_app_tickets",
  "lockfileVersion": 3,
  "requires": true,
  "packages": {
    "": {
      "devDependencies": {
        "@aleisium/sourcepkg-dc-bren": "^0.0.25",
        "@aleisium/sourcepkg-dc-lifecycle": "^0.0.25",
        "@aleisium/sourcepkg-tmux-scripts": "^0.0.25"
      }
    },
    "node_modules/@aleisium/sourcepkg-dc-bren": {
      "version": "0.0.25",
      "resolved": "https://forgejo.aleisium.com/api/packages/aleisium/npm/%40aleisium%2Fsourcepkg-dc-bren/-/0.0.25/sourcepkg-dc-bren-0.0.25.tgz",
      "integrity": "sha512-bVe6EgZhmBwdQTHXr96GGTTWTJWoKIuDbzhz8/8kZCaisuTeDAKpjrQr5kHlUIGxGSyb/MNsVOAQDdTCSn9Mog==",
      "dev": true,
      "license": "MIT"
    },
    "node_modules/@aleisium/sourcepkg-dc-lifecycle": {
      "version": "0.0.25",
      "resolved": "https://forgejo.aleisium.com/api/packages/aleisium/npm/%40aleisium%2Fsourcepkg-dc-lifecycle/-/0.0.25/sourcepkg-dc-lifecycle-0.0.25.tgz",
      "integrity": "sha512-5ioVzMmc1tJLJWWllU77EWRBkCQvKyDxwSKeGUxF6snBTkMMAajt7mpNslH+JpywZkZPJpdu7I3SL2VYs2Qn8g==",
      "dev": true,
      "license": "MIT"
    },
    "node_modules/@aleisium/sourcepkg-tmux-scripts": {
      "version": "0.0.25",
      "resolved": "https://forgejo.aleisium.com/api/packages/aleisium/npm/%40aleisium%2Fsourcepkg-tmux-scripts/-/0.0.25/sourcepkg-tmux-scripts-0.0.25.tgz",
      "integrity": "sha512-ybOCiGTeEduHbgPcLU31KNFpeNmOmbnDadVYa4lDG2SUPdUeCV6yYV5rvOruUTOAlo30ZA8z3mOih93Onw/YRw==",
      "dev": true,
      "license": "MIT"
    }
  }
}
